
Microsoft Visual Studio Solution File, Format Version 12.00
# Visual Studio 15
VisualStudioVersion = 15.0.26730.16
MinimumVisualStudioVersion = 10.0.40219.1
Project("{9092AA53-FB77-4645-B42D-1CCCA6BD08BD}") = "Magazine", "Magazine.njsproj", "{7AA39E28-F3FC-4DCB-ACE2-213DDBCDBD9D}"
EndProject
Global
	GlobalSection(SolutionConfigurationPlatforms) = preSolution
		Debug|Any CPU = Debug|Any CPU
		Release|Any CPU = Release|Any CPU
	EndGlobalSection
	GlobalSection(ProjectConfigurationPlatforms) = postSolution
		{7AA39E28-F3FC-4DCB-ACE2-213DDBCDBD9D}.Debug|Any CPU.ActiveCfg = Debug|Any CPU
		{7AA39E28-F3FC-4DCB-ACE2-213DDBCDBD9D}.Debug|Any CPU.Build.0 = Debug|Any CPU
		{7AA39E28-F3FC-4DCB-ACE2-213DDBCDBD9D}.Release|Any CPU.ActiveCfg = Release|Any CPU
		{7AA39E28-F3FC-4DCB-ACE2-213DDBCDBD9D}.Release|Any CPU.Build.0 = Release|Any CPU
	EndGlobalSection
	GlobalSection(SolutionProperties) = preSolution
		HideSolutionNode = FALSE
	EndGlobalSection
	GlobalSection(ExtensibilityGlobals) = postSolution
		SolutionGuid = {0BE59D7B-8E61-4B82-BB50-5C96159D950F}
	EndGlobalSection
EndGlobal
